// !$*UTF8*$!
{
	archiveVersion = 1;
	classes = {
	};
	objectVersion = 46;
	objects = {

/* Begin PBXBuildFile section */
		DFC3DC571C64A7E8002FA733 /* Cat.png in Resources */ = {isa = PBXBuildFile; fileRef = DFC3DC561C64A7E8002FA733 /* Cat.png */; };
		DFFB6F111C60BF5100D9EFE2 /* AppDelegate.swift in Sources */ = {isa = PBXBuildFile; fileRef = DFFB6F101C60BF5100D9EFE2 /* AppDelegate.swift */; };
		DFFB6F131C60BF5100D9EFE2 /* ViewController.swift in Sources */ = {isa = PBXBuildFile; fileRef = DFFB6F121C60BF5100D9EFE2 /* ViewController.swift */; };
		DFFB6F161C60BF5100D9EFE2 /* Main.storyboard in Resources */ = {isa = PBXBuildFile; fileRef = DFFB6F141C60BF5100D9EFE2 /* Main.storyboard */; };
		DFFB6F181C60BF5100D9EFE2 /* Assets.xcassets in Resources */ = {isa = PBXBuildFile; fileRef = DFFB6F171C60BF5100D9EFE2 /* Assets.xcassets */; };
		DFFB6F1B1C60BF5100D9EFE2 /* LaunchScreen.storyboard in Resources */ = {isa = PBXBuildFile; fileRef = DFFB6F191C60BF5100D9EFE2 /* LaunchScreen.storyboard */; };
/* End PBXBuildFile section */

/* Begin PBXFileReference section */
		DFC3DC561C64A7E8002FA733 /* Cat.png */ = {isa = PBXFileReference; lastKnownFileType = image.png; path = Cat.png; sourceTree = "<group>"; };
		DFFB6F0D1C60BF5100D9EFE2 /* Cat Age.app */ = {isa = PBXFileReference; explicitFileType = wrapper.application; includeInIndex = 0; path = "Cat Age.app"; sourceTree = BUILT_PRODUCTS_DIR; };
		DFFB6F101C60BF5100D9EFE2 /* AppDelegate.swift */ = {isa = PBXFileReference; lastKnownFileType = sourcecode.swift; path = AppDelegate.swift; sourceTree = "<group>"; };
		DFFB6F121C60BF5100D9EFE2 /* ViewController.swift */ = {isa = PBXFileReference; lastKnownFileType = sourcecode.swift; path = ViewController.swift; sourceTree = "<group>"; };
		DFFB6F151C60BF5100D9EFE2 /* Base */ = {isa = PBXFileReference; lastKnownFileType = file.storyboard; name = Base; path = Base.lproj/Main.storyboard; sourceTree = "<group>"; };
		DFFB6F171C60BF5100D9EFE2 /* Assets.xcassets */ = {isa = PBXFileReference; lastKnownFileType = folder.assetcatalog; path = Assets.xcassets; sourceTree = "<group>"; };
		DFFB6F1A1C60BF5100D9EFE2 /* Base */ = {isa = PBXFileReference; lastKnownFileType = file.storyboard; name = Base; path = Base.lproj/LaunchScreen.storyboard; sourceTree = "<group>"; };
		DFFB6F1C1C60BF5100D9EFE2 /* Info.plist */ = {isa = PBXFileReference; lastKnownFileType = text.plist.xml; path = Info.plist; sourceTree = "<group>"; };
/* End PBXFileReference section */

/* Begin PBXFrameworksBuildPhase section */
		DFFB6F0A1C60BF5100D9EFE2 /* Frameworks */ = {
			isa = PBXFrameworksBuildPhase;
			buildActionMask = 2147483647;
			files = (
			);
			runOnlyForDeploymentPostprocessing = 0;
		};
/* End PBXFrameworksBuildPhase section */

/* Begin PBXGroup section */
		DFFB6F041C60BF5100D9EFE2 = {
			isa = PBXGroup;
			children = (
				DFFB6F0F1C60BF5100D9EFE2 /* Cat Age */,
				DFFB6F0E1C60BF5100D9EFE2 /* Products */,
			);
			sourceTree = "<group>";
		};
		DFFB6F0E1C60BF5100D9EFE2 /* Products */ = {
			isa = PBXGroup;
			children = (
				DFFB6F0D1C60BF5100D9EFE2 /* Cat Age.app */,
			);
			name = Products;
			sourceTree = "<group>";
		};
		DFFB6F0F1C60BF5100D9EFE2 /* Cat Age */ = {
			isa = PBXGroup;
			children = (
				DFFB6F101C60BF5100D9EFE2 /* AppDelegate.swift */,
				DFFB6F121C60BF5100D9EFE2 /* ViewController.swift */,
				DFC3DC561C64A7E8002FA733 /* Cat.png */,
				DFFB6F141C60BF5100D9EFE2 /* Main.storyboard */,
				DFFB6F171C60BF5100D9EFE2 /* Assets.xcassets */,
				DFFB6F191C60BF5100D9EFE2 /* LaunchScreen.storyboard */,
				DFFB6F1C1C60BF5100D9EFE2 /* Info.plist */,
			);
			name = "Cat Age";
			path = "Hello World";
			sourceTree = "<group>";
		};
/* End PBXGroup section */

/* Begin PBXNativeTarget section */
		DFFB6F0C1C60BF5100D9EFE2 /* Cat Age */ = {
			isa = PBXNativeTarget;
			buildConfigurationList = DFFB6F1F1C60BF5100D9EFE2 /* Build configuration list for PBXNativeTarget "Cat Age" */;
			buildPhases = (
				DFFB6F091C60BF5100D9EFE2 /* Sources */,
				DFFB6F0A1C60BF5100D9EFE2 /* Frameworks */,
				DFFB6F0B1C60BF5100D9EFE2 /* Resources */,
			);
			buildRules = (
			);
			dependencies = (
			);
			name = "Cat Age";
			productName = "Hello World";
			productReference = DFFB6F0D1C60BF5100D9EFE2 /* Cat Age.app */;
			productType = "com.apple.product-type.application";
		};
/* End PBXNativeTarget section */

/* Begin PBXProject section */
		DFFB6F051C60BF5100D9EFE2 /* Project object */ = {
			isa = PBXProject;
			attributes = {
				LastSwiftUpdateCheck = 0720;
				LastUpgradeCheck = 0720;
				ORGANIZATIONNAME = Nauf;
				TargetAttributes = {
					DFFB6F0C1C60BF5100D9EFE2 = {
						CreatedOnToolsVersion = 7.2;
						DevelopmentTeam = H24HSMEDXW;
					};
				};
			};
			buildConfigurationList = DFFB6F081C60BF5100D9EFE2 /* Build configuration list for PBXProject "Cat Age" */;
			compatibilityVersion = "Xcode 3.2";
			developmentRegion = English;
			hasScannedForEncodings = 0;
			knownRegions = (
				en,
				Base,
			);
			mainGroup = DFFB6F041C60BF5100D9EFE2;
			productRefGroup = DFFB6F0E1C60BF5100D9EFE2 /* Products */;
			projectDirPath = "";
			projectRoot = "";
			targets = (
				DFFB6F0C1C60BF5100D9EFE2 /* Cat Age */,
			);
		};
/* End PBXProject section */

/* Begin PBXResourcesBuildPhase section */
		DFFB6F0B1C60BF5100D9EFE2 /* Resources */ = {
			isa = PBXResourcesBuildPhase;
			buildActionMask = 2147483647;
			files = (
				DFFB6F1B1C60BF5100D9EFE2 /* LaunchScreen.storyboard in Resources */,
				DFFB6F181C60BF5100D9EFE2 /* Assets.xcassets in Resources */,
				DFC3DC571C64A7E8002FA733 /* Cat.png in Resources */,
				DFFB6F161C60BF5100D9EFE2 /* Main.storyboard in Resources */,
			);
			runOnlyForDeploymentPostprocessing = 0;
		};
/* End PBXResourcesBuildPhase section */

/* Begin PBXSourcesBuildPhase section */
		DFFB6F091C60BF5100D9EFE2 /* Sources */ = {
			isa = PBXSourcesBuildPhase;
			buildActionMask = 2147483647;
			files = (
				DFFB6F131C60BF5100D9EFE2 /* ViewController.swift in Sources */,
				DFFB6F111C60BF5100D9EFE2 /* AppDelegate.swift in Sources */,
			);
			runOnlyForDeploymentPostprocessing = 0;
		};
/* End PBXSourcesBuildPhase section */

/* Begin PBXVariantGroup section */
		DFFB6F141C60BF5100D9EFE2 /* Main.storyboard */ = {
			isa = PBXVariantGroup;
			children = (
				DFFB6F151C60BF5100D9EFE2 /* Base */,
			);
			name = Main.storyboard;
			sourceTree = "<group>";
		};
		DFFB6F191C60BF5100D9EFE2 /* LaunchScreen.storyboard */ = {
			isa = PBXVariantGroup;
			children = (
				DFFB6F1A1C60BF5100D9EFE2 /* Base */,
			);
			name = LaunchScreen.storyboard;
			sourceTree = "<group>";
		};
/* End PBXVariantGroup section */

/* Begin XCBuildConfiguration section */
		DFFB6F1D1C60BF5100D9EFE2 /* Debug */ = {
			isa = XCBuildConfiguration;
			buildSettings = {
				ALWAYS_SEARCH_USER_PATHS = NO;
				CLANG_CXX_LANGUAGE_STANDARD = "gnu++0x";
				CLANG_CXX_LIBRARY = "libc++";
				CLANG_ENABLE_MODULES = YES;
				CLANG_ENABLE_OBJC_ARC = YES;
				CLANG_WARN_BOOL_CONVERSION = YES;
				CLANG_WARN_CONSTANT_CONVERSION = YES;
				CLANG_WARN_DIRECT_OBJC_ISA_USAGE = YES_ERROR;
				CLANG_WARN_EMPTY_BODY = YES;
				CLANG_WARN_ENUM_CONVERSION = YES;
				CLANG_WARN_INT_CONVERSION = YES;
				CLANG_WARN_OBJC_ROOT_CLASS = YES_ERROR;
				CLANG_WARN_UNREACHABLE_CODE = YES;
				CLANG_WARN__DUPLICATE_METHOD_MATCH = YES;
				"CODE_SIGN_IDENTITY[sdk=iphoneos*]" = "iPhone Developer";
				COPY_PHASE_STRIP = NO;
				DEBUG_INFORMATION_FORMAT = dwarf;
				ENABLE_STRICT_OBJC_MSGSEND = YES;
				ENABLE_TESTABILITY = YES;
				GCC_C_LANGUAGE_STANDARD = gnu99;
				GCC_DYNAMIC_NO_PIC = NO;
				GCC_NO_COMMON_BLOCKS = YES;
				GCC_OPTIMIZATION_LEVEL = 0;
				GCC_PREPROCESSOR_DEFINITIONS = (
					"DEBUG=1",
					"$(inherited)",
				);
				GCC_WARN_64_TO_32_BIT_CONVERSION = YES;
				GCC_WARN_ABOUT_RETURN_TYPE = YES_ERROR;
				GCC_WARN_UNDECLARED_SELECTOR = YES;
				GCC_WARN_UNINITIALIZED_AUTOS = YES_AGGRESSIVE;
				GCC_WARN_UNUSED_FUNCTION = YES;
				GCC_WARN_UNUSED_VARIABLE = YES;
				IPHONEOS_DEPLOYMENT_TARGET = 9.2;
				MTL_ENABLE_DEBUG_INFO = YES;
				ONLY_ACTIVE_ARCH = YES;
				SDKROOT = iphoneos;
				SWIFT_OPTIMIZATION_LEVEL = "-Onone";
			};
			name = Debug;
		};
		DFFB6F1E1C60BF5100D9EFE2 /* Release */ = {
			isa = XCBuildConfiguration;
			buildSettings = {
				ALWAYS_SEARCH_USER_PATHS = NO;
				CLANG_CXX_LANGUAGE_STANDARD = "gnu++0x";
				CLANG_CXX_LIBRARY = "libc++";
				CLANG_ENABLE_MODULES = YES;
				CLANG_ENABLE_OBJC_ARC = YES;
				CLANG_WARN_BOOL_CONVERSION = YES;
				CLANG_WARN_CONSTANT_CONVERSION = YES;
				CLANG_WARN_DIRECT_OBJC_ISA_USAGE = YES_ERROR;
				CLANG_WARN_EMPTY_BODY = YES;
				CLANG_WARN_ENUM_CONVERSION = YES;
				CLANG_WARN_INT_CONVERSION = YES;
				CLANG_WARN_OBJC_ROOT_CLASS = YES_ERROR;
				CLANG_WARN_UNREACHABLE_CODE = YES;
				CLANG_WARN__DUPLICATE_METHOD_MATCH = YES;
				"CODE_SIGN_IDENTITY[sdk=iphoneos*]" = "iPhone Developer";
				COPY_PHASE_STRIP = NO;
				DEBUG_INFORMATION_FORMAT = "dwarf-with-dsym";
				ENABLE_NS_ASSERTIONS = NO;
				ENABLE_STRICT_OBJC_MSGSEND = YES;
				GCC_C_LANGUAGE_STANDARD = gnu99;
				GCC_NO_COMMON_BLOCKS = YES;
				GCC_WARN_64_TO_32_BIT_CONVERSION = YES;
				GCC_WARN_ABOUT_RETURN_TYPE = YES_ERROR;
				GCC_WARN_UNDECLARED_SELECTOR = YES;
				GCC_WARN_UNINITIALIZED_AUTOS = YES_AGGRESSIVE;
				GCC_WARN_UNUSED_FUNCTION = YES;
				GCC_WARN_UNUSED_VARIABLE = YES;
				IPHONEOS_DEPLOYMENT_TARGET = 9.2;
				MTL_ENABLE_DEBUG_INFO = NO;
				SDKROOT = iphoneos;
				VALIDATE_PRODUCT = YES;
			};
			name = Release;
		};
		DFFB6F201C60BF5100D9EFE2 /* Debug */ = {
			isa = XCBuildConfiguration;
			buildSettings = {
				ASSETCATALOG_COMPILER_APPICON_NAME = AppIcon;
				CODE_SIGN_IDENTITY = "iPhone Developer";
				"CODE_SIGN_IDENTITY[sdk=iphoneos*]" = "iPhone Developer";
				INFOPLIST_FILE = "Hello World/Info.plist";
				LD_RUNPATH_SEARCH_PATHS = "$(inherited) @executable_path/Frameworks";
				PRODUCT_BUNDLE_IDENTIFIER = "com.alinauf.Hello-World";
				PRODUCT_NAME = "Cat Age";
				PROVISIONING_PROFILE = "";
			};
			name = Debug;
		};
		DFFB6F211C60BF5100D9EFE2 /* Release */ = {
			isa = XCBuildConfiguration;
			buildSettings = {
				ASSETCATALOG_COMPILER_APPICON_NAME = AppIcon;
				CODE_SIGN_IDENTITY = "iPhone Developer";
				"CODE_SIGN_IDENTITY[sdk=iphoneos*]" = "iPhone Developer";
				INFOPLIST_FILE = "Hello World/Info.plist";
				LD_RUNPATH_SEARCH_PATHS = "$(inherited) @executable_path/Frameworks";
				PRODUCT_BUNDLE_IDENTIFIER = "com.alinauf.Hello-World";
				PRODUCT_NAME = "Cat Age";
				PROVISIONING_PROFILE = "";
			};
			name = Release;
		};
/* End XCBuildConfiguration section */

/* Begin XCConfigurationList section */
		DFFB6F081C60BF5100D9EFE2 /* Build configuration list for PBXProject "Cat Age" */ = {
			isa = XCConfigurationList;
			buildConfigurations = (
				DFFB6F1D1C60BF5100D9EFE2 /* Debug */,
				DFFB6F1E1C60BF5100D9EFE2 /* Release */,
			);
			defaultConfigurationIsVisible = 0;
			defaultConfigurationName = Release;
		};
		DFFB6F1F1C60BF5100D9EFE2 /* Build configuration list for PBXNativeTarget "Cat Age" */ = {
			isa = XCConfigurationList;
			buildConfigurations = (
				DFFB6F201C60BF5100D9EFE2 /* Debug */,
				DFFB6F211C60BF5100D9EFE2 /* Release */,
			);
			defaultConfigurationIsVisible = 0;
			defaultConfigurationName = Release;
		};
/* End XCConfigurationList section */
	};
	rootObject = DFFB6F051C60BF5100D9EFE2 /* Project object */;
}
